
Microsoft Visual Studio Solution File, Format Version 12.00
# Visual Studio 14
VisualStudioVersion = 14.0.24720.0
MinimumVisualStudioVersion = 10.0.40219.1
Project("{FAE04EC0-301F-11D3-BF4B-00C04F79EFBC}") = "Spotted.UWP", "Spotted.UWP\Spotted.UWP.csproj", "{DB946E14-2439-49DB-B2C9-BD75C9A8BEA7}"
EndProject
Project("{FAE04EC0-301F-11D3-BF4B-00C04F79EFBC}") = "Spotted.Localization", "Spotted.Localization\Spotted.Localization.csproj", "{EC2B4899-81DA-4F60-BF6C-36548D09C7D0}"
EndProject
Project("{FAE04EC0-301F-11D3-BF4B-00C04F79EFBC}") = "Spotted.Core", "Spotted.Core\Spotted.Core.csproj", "{E8B73224-39E8-4290-9693-14D70AEB3CE2}"
EndProject
Project("{FAE04EC0-301F-11D3-BF4B-00C04F79EFBC}") = "Spotted.Assets", "Spotted.Assets\Spotted.Assets.csproj", "{19BFFE88-7E21-4E93-BE2F-9BC3319A9E53}"
EndProject
Global
	GlobalSection(SolutionConfigurationPlatforms) = preSolution
		Debug|Any CPU = Debug|Any CPU
		Debug|ARM = Debug|ARM
		Debug|x64 = Debug|x64
		Debug|x86 = Debug|x86
		Release|Any CPU = Release|Any CPU
		Release|ARM = Release|ARM
		Release|x64 = Release|x64
		Release|x86 = Release|x86
	EndGlobalSection
	GlobalSection(ProjectConfigurationPlatforms) = postSolution
		{DB946E14-2439-49DB-B2C9-BD75C9A8BEA7}.Debug|Any CPU.ActiveCfg = Debug|x86
		{DB946E14-2439-49DB-B2C9-BD75C9A8BEA7}.Debug|Any CPU.Build.0 = Debug|x86
		{DB946E14-2439-49DB-B2C9-BD75C9A8BEA7}.Debug|Any CPU.Deploy.0 = Debug|x86
		{DB946E14-2439-49DB-B2C9-BD75C9A8BEA7}.Debug|ARM.ActiveCfg = Debug|ARM
		{DB946E14-2439-49DB-B2C9-BD75C9A8BEA7}.Debug|ARM.Build.0 = Debug|ARM
		{DB946E14-2439-49DB-B2C9-BD75C9A8BEA7}.Debug|ARM.Deploy.0 = Debug|ARM
		{DB946E14-2439-49DB-B2C9-BD75C9A8BEA7}.Debug|x64.ActiveCfg = Debug|x64
		{DB946E14-2439-49DB-B2C9-BD75C9A8BEA7}.Debug|x64.Build.0 = Debug|x64
		{DB946E14-2439-49DB-B2C9-BD75C9A8BEA7}.Debug|x64.Deploy.0 = Debug|x64
		{DB946E14-2439-49DB-B2C9-BD75C9A8BEA7}.Debug|x86.ActiveCfg = Debug|x86
		{DB946E14-2439-49DB-B2C9-BD75C9A8BEA7}.Debug|x86.Build.0 = Debug|x86
		{DB946E14-2439-49DB-B2C9-BD75C9A8BEA7}.Debug|x86.Deploy.0 = Debug|x86
		{DB946E14-2439-49DB-B2C9-BD75C9A8BEA7}.Release|Any CPU.ActiveCfg = Release|x86
		{DB946E14-2439-49DB-B2C9-BD75C9A8BEA7}.Release|ARM.ActiveCfg = Release|ARM
		{DB946E14-2439-49DB-B2C9-BD75C9A8BEA7}.Release|ARM.Build.0 = Release|ARM
		{DB946E14-2439-49DB-B2C9-BD75C9A8BEA7}.Release|ARM.Deploy.0 = Release|ARM
		{DB946E14-2439-49DB-B2C9-BD75C9A8BEA7}.Release|x64.ActiveCfg = Release|x64
		{DB946E14-2439-49DB-B2C9-BD75C9A8BEA7}.Release|x64.Build.0 = Release|x64
		{DB946E14-2439-49DB-B2C9-BD75C9A8BEA7}.Release|x64.Deploy.0 = Release|x64
		{DB946E14-2439-49DB-B2C9-BD75C9A8BEA7}.Release|x86.ActiveCfg = Release|x86
		{DB946E14-2439-49DB-B2C9-BD75C9A8BEA7}.Release|x86.Build.0 = Release|x86
		{DB946E14-2439-49DB-B2C9-BD75C9A8BEA7}.Release|x86.Deploy.0 = Release|x86
		{EC2B4899-81DA-4F60-BF6C-36548D09C7D0}.Debug|Any CPU.ActiveCfg = Debug|Any CPU
		{EC2B4899-81DA-4F60-BF6C-36548D09C7D0}.Debug|Any CPU.Build.0 = Debug|Any CPU
		{EC2B4899-81DA-4F60-BF6C-36548D09C7D0}.Debug|ARM.ActiveCfg = Debug|Any CPU
		{EC2B4899-81DA-4F60-BF6C-36548D09C7D0}.Debug|ARM.Build.0 = Debug|Any CPU
		{EC2B4899-81DA-4F60-BF6C-36548D09C7D0}.Debug|x64.ActiveCfg = Debug|Any CPU
		{EC2B4899-81DA-4F60-BF6C-36548D09C7D0}.Debug|x64.Build.0 = Debug|Any CPU
		{EC2B4899-81DA-4F60-BF6C-36548D09C7D0}.Debug|x86.ActiveCfg = Debug|Any CPU
		{EC2B4899-81DA-4F60-BF6C-36548D09C7D0}.Debug|x86.Build.0 = Debug|Any CPU
		{EC2B4899-81DA-4F60-BF6C-36548D09C7D0}.Release|Any CPU.ActiveCfg = Release|Any CPU
		{EC2B4899-81DA-4F60-BF6C-36548D09C7D0}.Release|Any CPU.Build.0 = Release|Any CPU
		{EC2B4899-81DA-4F60-BF6C-36548D09C7D0}.Release|ARM.ActiveCfg = Release|Any CPU
		{EC2B4899-81DA-4F60-BF6C-36548D09C7D0}.Release|ARM.Build.0 = Release|Any CPU
		{EC2B4899-81DA-4F60-BF6C-36548D09C7D0}.Release|x64.ActiveCfg = Release|Any CPU
		{EC2B4899-81DA-4F60-BF6C-36548D09C7D0}.Release|x64.Build.0 = Release|Any CPU
		{EC2B4899-81DA-4F60-BF6C-36548D09C7D0}.Release|x86.ActiveCfg = Release|Any CPU
		{EC2B4899-81DA-4F60-BF6C-36548D09C7D0}.Release|x86.Build.0 = Release|Any CPU
		{E8B73224-39E8-4290-9693-14D70AEB3CE2}.Debug|Any CPU.ActiveCfg = Debug|Any CPU
		{E8B73224-39E8-4290-9693-14D70AEB3CE2}.Debug|Any CPU.Build.0 = Debug|Any CPU
		{E8B73224-39E8-4290-9693-14D70AEB3CE2}.Debug|ARM.ActiveCfg = Debug|Any CPU
		{E8B73224-39E8-4290-9693-14D70AEB3CE2}.Debug|ARM.Build.0 = Debug|Any CPU
		{E8B73224-39E8-4290-9693-14D70AEB3CE2}.Debug|x64.ActiveCfg = Debug|Any CPU
		{E8B73224-39E8-4290-9693-14D70AEB3CE2}.Debug|x64.Build.0 = Debug|Any CPU
		{E8B73224-39E8-4290-9693-14D70AEB3CE2}.Debug|x86.ActiveCfg = Debug|Any CPU
		{E8B73224-39E8-4290-9693-14D70AEB3CE2}.Debug|x86.Build.0 = Debug|Any CPU
		{E8B73224-39E8-4290-9693-14D70AEB3CE2}.Release|Any CPU.ActiveCfg = Release|Any CPU
		{E8B73224-39E8-4290-9693-14D70AEB3CE2}.Release|Any CPU.Build.0 = Release|Any CPU
		{E8B73224-39E8-4290-9693-14D70AEB3CE2}.Release|ARM.ActiveCfg = Release|Any CPU
		{E8B73224-39E8-4290-9693-14D70AEB3CE2}.Release|ARM.Build.0 = Release|Any CPU
		{E8B73224-39E8-4290-9693-14D70AEB3CE2}.Release|x64.ActiveCfg = Release|Any CPU
		{E8B73224-39E8-4290-9693-14D70AEB3CE2}.Release|x64.Build.0 = Release|Any CPU
		{E8B73224-39E8-4290-9693-14D70AEB3CE2}.Release|x86.ActiveCfg = Release|Any CPU
		{E8B73224-39E8-4290-9693-14D70AEB3CE2}.Release|x86.Build.0 = Release|Any CPU
		{19BFFE88-7E21-4E93-BE2F-9BC3319A9E53}.Debug|Any CPU.ActiveCfg = Debug|Any CPU
		{19BFFE88-7E21-4E93-BE2F-9BC3319A9E53}.Debug|Any CPU.Build.0 = Debug|Any CPU
		{19BFFE88-7E21-4E93-BE2F-9BC3319A9E53}.Debug|ARM.ActiveCfg = Debug|Any CPU
		{19BFFE88-7E21-4E93-BE2F-9BC3319A9E53}.Debug|ARM.Build.0 = Debug|Any CPU
		{19BFFE88-7E21-4E93-BE2F-9BC3319A9E53}.Debug|x64.ActiveCfg = Debug|Any CPU
		{19BFFE88-7E21-4E93-BE2F-9BC3319A9E53}.Debug|x64.Build.0 = Debug|Any CPU
		{19BFFE88-7E21-4E93-BE2F-9BC3319A9E53}.Debug|x86.ActiveCfg = Debug|Any CPU
		{19BFFE88-7E21-4E93-BE2F-9BC3319A9E53}.Debug|x86.Build.0 = Debug|Any CPU
		{19BFFE88-7E21-4E93-BE2F-9BC3319A9E53}.Release|Any CPU.ActiveCfg = Release|Any CPU
		{19BFFE88-7E21-4E93-BE2F-9BC3319A9E53}.Release|Any CPU.Build.0 = Release|Any CPU
		{19BFFE88-7E21-4E93-BE2F-9BC3319A9E53}.Release|ARM.ActiveCfg = Release|Any CPU
		{19BFFE88-7E21-4E93-BE2F-9BC3319A9E53}.Release|ARM.Build.0 = Release|Any CPU
		{19BFFE88-7E21-4E93-BE2F-9BC3319A9E53}.Release|x64.ActiveCfg = Release|Any CPU
		{19BFFE88-7E21-4E93-BE2F-9BC3319A9E53}.Release|x64.Build.0 = Release|Any CPU
		{19BFFE88-7E21-4E93-BE2F-9BC3319A9E53}.Release|x86.ActiveCfg = Release|Any CPU
		{19BFFE88-7E21-4E93-BE2F-9BC3319A9E53}.Release|x86.Build.0 = Release|Any CPU
	EndGlobalSection
	GlobalSection(SolutionProperties) = preSolution
		HideSolutionNode = FALSE
	EndGlobalSection
EndGlobal
