
Microsoft Visual Studio Solution File, Format Version 12.00
# Visual Studio 14
VisualStudioVersion = 14.0.24720.0
MinimumVisualStudioVersion = 10.0.40219.1
Project("{FAE04EC0-301F-11D3-BF4B-00C04F79EFBC}") = "Spotted.UWP", "Spotted.UWP\Spotted.UWP.csproj", "{DB946E14-2439-49DB-B2C9-BD75C9A8BEA7}"
EndProject
Project("{FAE04EC0-301F-11D3-BF4B-00C04F79EFBC}") = "Spotted.Localization", "Spotted.Localization\Spotted.Localization.csproj", "{EC2B4899-81DA-4F60-BF6C-36548D09C7D0}"
EndProject
Project("{FAE04EC0-301F-11D3-BF4B-00C04F79EFBC}") = "Spotted.Core", "Spotted.Core\Spotted.Core.csproj", "{E8B73224-39E8-4290-9693-14D70AEB3CE2}"
EndProject
Project("{FAE04EC0-301F-11D3-BF4B-00C04F79EFBC}") = "Spotted.Assets", "Spotted.Assets\Spotted.Assets.csproj", "{19BFFE88-7E21-4E93-BE2F-9BC3319A9E53}"
EndProject
Project("{FAE04EC0-301F-11D3-BF4B-00C04F79EFBC}") = "Spotted.MobileServiceProxy", "Spotted.MobileServiceProxy\Spotted.MobileServiceProxy.csproj", "{0C9AAD9C-6EA5-41E3-82A8-076D5596143C}"
EndProject
Project("{FAE04EC0-301F-11D3-BF4B-00C04F79EFBC}") = "Spotted.Model", "Spotted.Model\Spotted.Model.csproj", "{8ABDB496-C6A0-4935-BBF4-E784F4C7B3D2}"
EndProject
Project("{2150E333-8FDC-42A3-9474-1A3956D46DE8}") = "Shared", "Shared", "{89F264D0-DC90-428E-AA7B-411A89625983}"
EndProject
Project("{2150E333-8FDC-42A3-9474-1A3956D46DE8}") = "Tests", "Tests", "{7645BC68-5B15-4FAF-8DED-3A454F0A1E59}"
EndProject
Project("{FAE04EC0-301F-11D3-BF4B-00C04F79EFBC}") = "Spotted.MobileServiceProxy.Tests", "Spotted.MobileServiceProxy.Tests\Spotted.MobileServiceProxy.Tests.csproj", "{FE871C86-35DA-40FD-BA1B-34BB186A5E7C}"
EndProject
Project("{FAE04EC0-301F-11D3-BF4B-00C04F79EFBC}") = "Spotted.Core.Tests", "Spotted.Core.Tests\Spotted.Core.Tests.csproj", "{BD20FD13-AA11-406F-9AC0-0E899F5A62EF}"
EndProject
Project("{FAE04EC0-301F-11D3-BF4B-00C04F79EFBC}") = "Spotted.WebApi", "Spotted.WebApi\Spotted.WebApi.csproj", "{CF02E90F-766A-45BC-A93D-E0D876376270}"
EndProject
Global
	GlobalSection(SolutionConfigurationPlatforms) = preSolution
		Debug|Any CPU = Debug|Any CPU
		Debug|ARM = Debug|ARM
		Debug|x64 = Debug|x64
		Debug|x86 = Debug|x86
		Release|Any CPU = Release|Any CPU
		Release|ARM = Release|ARM
		Release|x64 = Release|x64
		Release|x86 = Release|x86
	EndGlobalSection
	GlobalSection(ProjectConfigurationPlatforms) = postSolution
		{DB946E14-2439-49DB-B2C9-BD75C9A8BEA7}.Debug|Any CPU.ActiveCfg = Debug|x86
		{DB946E14-2439-49DB-B2C9-BD75C9A8BEA7}.Debug|Any CPU.Build.0 = Debug|x86
		{DB946E14-2439-49DB-B2C9-BD75C9A8BEA7}.Debug|Any CPU.Deploy.0 = Debug|x86
		{DB946E14-2439-49DB-B2C9-BD75C9A8BEA7}.Debug|ARM.ActiveCfg = Debug|ARM
		{DB946E14-2439-49DB-B2C9-BD75C9A8BEA7}.Debug|ARM.Build.0 = Debug|ARM
		{DB946E14-2439-49DB-B2C9-BD75C9A8BEA7}.Debug|ARM.Deploy.0 = Debug|ARM
		{DB946E14-2439-49DB-B2C9-BD75C9A8BEA7}.Debug|x64.ActiveCfg = Debug|x64
		{DB946E14-2439-49DB-B2C9-BD75C9A8BEA7}.Debug|x64.Build.0 = Debug|x64
		{DB946E14-2439-49DB-B2C9-BD75C9A8BEA7}.Debug|x64.Deploy.0 = Debug|x64
		{DB946E14-2439-49DB-B2C9-BD75C9A8BEA7}.Debug|x86.ActiveCfg = Debug|x86
		{DB946E14-2439-49DB-B2C9-BD75C9A8BEA7}.Debug|x86.Build.0 = Debug|x86
		{DB946E14-2439-49DB-B2C9-BD75C9A8BEA7}.Debug|x86.Deploy.0 = Debug|x86
		{DB946E14-2439-49DB-B2C9-BD75C9A8BEA7}.Release|Any CPU.ActiveCfg = Release|x86
		{DB946E14-2439-49DB-B2C9-BD75C9A8BEA7}.Release|ARM.ActiveCfg = Release|ARM
		{DB946E14-2439-49DB-B2C9-BD75C9A8BEA7}.Release|ARM.Build.0 = Release|ARM
		{DB946E14-2439-49DB-B2C9-BD75C9A8BEA7}.Release|ARM.Deploy.0 = Release|ARM
		{DB946E14-2439-49DB-B2C9-BD75C9A8BEA7}.Release|x64.ActiveCfg = Release|x64
		{DB946E14-2439-49DB-B2C9-BD75C9A8BEA7}.Release|x64.Build.0 = Release|x64
		{DB946E14-2439-49DB-B2C9-BD75C9A8BEA7}.Release|x64.Deploy.0 = Release|x64
		{DB946E14-2439-49DB-B2C9-BD75C9A8BEA7}.Release|x86.ActiveCfg = Release|x86
		{DB946E14-2439-49DB-B2C9-BD75C9A8BEA7}.Release|x86.Build.0 = Release|x86
		{DB946E14-2439-49DB-B2C9-BD75C9A8BEA7}.Release|x86.Deploy.0 = Release|x86
		{EC2B4899-81DA-4F60-BF6C-36548D09C7D0}.Debug|Any CPU.ActiveCfg = Debug|Any CPU
		{EC2B4899-81DA-4F60-BF6C-36548D09C7D0}.Debug|Any CPU.Build.0 = Debug|Any CPU
		{EC2B4899-81DA-4F60-BF6C-36548D09C7D0}.Debug|ARM.ActiveCfg = Debug|Any CPU
		{EC2B4899-81DA-4F60-BF6C-36548D09C7D0}.Debug|ARM.Build.0 = Debug|Any CPU
		{EC2B4899-81DA-4F60-BF6C-36548D09C7D0}.Debug|x64.ActiveCfg = Debug|Any CPU
		{EC2B4899-81DA-4F60-BF6C-36548D09C7D0}.Debug|x64.Build.0 = Debug|Any CPU
		{EC2B4899-81DA-4F60-BF6C-36548D09C7D0}.Debug|x86.ActiveCfg = Debug|Any CPU
		{EC2B4899-81DA-4F60-BF6C-36548D09C7D0}.Debug|x86.Build.0 = Debug|Any CPU
		{EC2B4899-81DA-4F60-BF6C-36548D09C7D0}.Release|Any CPU.ActiveCfg = Release|Any CPU
		{EC2B4899-81DA-4F60-BF6C-36548D09C7D0}.Release|Any CPU.Build.0 = Release|Any CPU
		{EC2B4899-81DA-4F60-BF6C-36548D09C7D0}.Release|ARM.ActiveCfg = Release|Any CPU
		{EC2B4899-81DA-4F60-BF6C-36548D09C7D0}.Release|ARM.Build.0 = Release|Any CPU
		{EC2B4899-81DA-4F60-BF6C-36548D09C7D0}.Release|x64.ActiveCfg = Release|Any CPU
		{EC2B4899-81DA-4F60-BF6C-36548D09C7D0}.Release|x64.Build.0 = Release|Any CPU
		{EC2B4899-81DA-4F60-BF6C-36548D09C7D0}.Release|x86.ActiveCfg = Release|Any CPU
		{EC2B4899-81DA-4F60-BF6C-36548D09C7D0}.Release|x86.Build.0 = Release|Any CPU
		{E8B73224-39E8-4290-9693-14D70AEB3CE2}.Debug|Any CPU.ActiveCfg = Debug|Any CPU
		{E8B73224-39E8-4290-9693-14D70AEB3CE2}.Debug|Any CPU.Build.0 = Debug|Any CPU
		{E8B73224-39E8-4290-9693-14D70AEB3CE2}.Debug|ARM.ActiveCfg = Debug|Any CPU
		{E8B73224-39E8-4290-9693-14D70AEB3CE2}.Debug|ARM.Build.0 = Debug|Any CPU
		{E8B73224-39E8-4290-9693-14D70AEB3CE2}.Debug|x64.ActiveCfg = Debug|Any CPU
		{E8B73224-39E8-4290-9693-14D70AEB3CE2}.Debug|x64.Build.0 = Debug|Any CPU
		{E8B73224-39E8-4290-9693-14D70AEB3CE2}.Debug|x86.ActiveCfg = Debug|Any CPU
		{E8B73224-39E8-4290-9693-14D70AEB3CE2}.Debug|x86.Build.0 = Debug|Any CPU
		{E8B73224-39E8-4290-9693-14D70AEB3CE2}.Release|Any CPU.ActiveCfg = Release|Any CPU
		{E8B73224-39E8-4290-9693-14D70AEB3CE2}.Release|Any CPU.Build.0 = Release|Any CPU
		{E8B73224-39E8-4290-9693-14D70AEB3CE2}.Release|ARM.ActiveCfg = Release|Any CPU
		{E8B73224-39E8-4290-9693-14D70AEB3CE2}.Release|ARM.Build.0 = Release|Any CPU
		{E8B73224-39E8-4290-9693-14D70AEB3CE2}.Release|x64.ActiveCfg = Release|Any CPU
		{E8B73224-39E8-4290-9693-14D70AEB3CE2}.Release|x64.Build.0 = Release|Any CPU
		{E8B73224-39E8-4290-9693-14D70AEB3CE2}.Release|x86.ActiveCfg = Release|Any CPU
		{E8B73224-39E8-4290-9693-14D70AEB3CE2}.Release|x86.Build.0 = Release|Any CPU
		{19BFFE88-7E21-4E93-BE2F-9BC3319A9E53}.Debug|Any CPU.ActiveCfg = Debug|Any CPU
		{19BFFE88-7E21-4E93-BE2F-9BC3319A9E53}.Debug|Any CPU.Build.0 = Debug|Any CPU
		{19BFFE88-7E21-4E93-BE2F-9BC3319A9E53}.Debug|ARM.ActiveCfg = Debug|Any CPU
		{19BFFE88-7E21-4E93-BE2F-9BC3319A9E53}.Debug|ARM.Build.0 = Debug|Any CPU
		{19BFFE88-7E21-4E93-BE2F-9BC3319A9E53}.Debug|x64.ActiveCfg = Debug|Any CPU
		{19BFFE88-7E21-4E93-BE2F-9BC3319A9E53}.Debug|x64.Build.0 = Debug|Any CPU
		{19BFFE88-7E21-4E93-BE2F-9BC3319A9E53}.Debug|x86.ActiveCfg = Debug|Any CPU
		{19BFFE88-7E21-4E93-BE2F-9BC3319A9E53}.Debug|x86.Build.0 = Debug|Any CPU
		{19BFFE88-7E21-4E93-BE2F-9BC3319A9E53}.Release|Any CPU.ActiveCfg = Release|Any CPU
		{19BFFE88-7E21-4E93-BE2F-9BC3319A9E53}.Release|Any CPU.Build.0 = Release|Any CPU
		{19BFFE88-7E21-4E93-BE2F-9BC3319A9E53}.Release|ARM.ActiveCfg = Release|Any CPU
		{19BFFE88-7E21-4E93-BE2F-9BC3319A9E53}.Release|ARM.Build.0 = Release|Any CPU
		{19BFFE88-7E21-4E93-BE2F-9BC3319A9E53}.Release|x64.ActiveCfg = Release|Any CPU
		{19BFFE88-7E21-4E93-BE2F-9BC3319A9E53}.Release|x64.Build.0 = Release|Any CPU
		{19BFFE88-7E21-4E93-BE2F-9BC3319A9E53}.Release|x86.ActiveCfg = Release|Any CPU
		{19BFFE88-7E21-4E93-BE2F-9BC3319A9E53}.Release|x86.Build.0 = Release|Any CPU
		{0C9AAD9C-6EA5-41E3-82A8-076D5596143C}.Debug|Any CPU.ActiveCfg = Debug|Any CPU
		{0C9AAD9C-6EA5-41E3-82A8-076D5596143C}.Debug|Any CPU.Build.0 = Debug|Any CPU
		{0C9AAD9C-6EA5-41E3-82A8-076D5596143C}.Debug|ARM.ActiveCfg = Debug|Any CPU
		{0C9AAD9C-6EA5-41E3-82A8-076D5596143C}.Debug|ARM.Build.0 = Debug|Any CPU
		{0C9AAD9C-6EA5-41E3-82A8-076D5596143C}.Debug|x64.ActiveCfg = Debug|Any CPU
		{0C9AAD9C-6EA5-41E3-82A8-076D5596143C}.Debug|x64.Build.0 = Debug|Any CPU
		{0C9AAD9C-6EA5-41E3-82A8-076D5596143C}.Debug|x86.ActiveCfg = Debug|Any CPU
		{0C9AAD9C-6EA5-41E3-82A8-076D5596143C}.Debug|x86.Build.0 = Debug|Any CPU
		{0C9AAD9C-6EA5-41E3-82A8-076D5596143C}.Release|Any CPU.ActiveCfg = Release|Any CPU
		{0C9AAD9C-6EA5-41E3-82A8-076D5596143C}.Release|Any CPU.Build.0 = Release|Any CPU
		{0C9AAD9C-6EA5-41E3-82A8-076D5596143C}.Release|ARM.ActiveCfg = Release|Any CPU
		{0C9AAD9C-6EA5-41E3-82A8-076D5596143C}.Release|ARM.Build.0 = Release|Any CPU
		{0C9AAD9C-6EA5-41E3-82A8-076D5596143C}.Release|x64.ActiveCfg = Release|Any CPU
		{0C9AAD9C-6EA5-41E3-82A8-076D5596143C}.Release|x64.Build.0 = Release|Any CPU
		{0C9AAD9C-6EA5-41E3-82A8-076D5596143C}.Release|x86.ActiveCfg = Release|Any CPU
		{0C9AAD9C-6EA5-41E3-82A8-076D5596143C}.Release|x86.Build.0 = Release|Any CPU
		{8ABDB496-C6A0-4935-BBF4-E784F4C7B3D2}.Debug|Any CPU.ActiveCfg = Debug|Any CPU
		{8ABDB496-C6A0-4935-BBF4-E784F4C7B3D2}.Debug|Any CPU.Build.0 = Debug|Any CPU
		{8ABDB496-C6A0-4935-BBF4-E784F4C7B3D2}.Debug|ARM.ActiveCfg = Debug|Any CPU
		{8ABDB496-C6A0-4935-BBF4-E784F4C7B3D2}.Debug|ARM.Build.0 = Debug|Any CPU
		{8ABDB496-C6A0-4935-BBF4-E784F4C7B3D2}.Debug|x64.ActiveCfg = Debug|Any CPU
		{8ABDB496-C6A0-4935-BBF4-E784F4C7B3D2}.Debug|x64.Build.0 = Debug|Any CPU
		{8ABDB496-C6A0-4935-BBF4-E784F4C7B3D2}.Debug|x86.ActiveCfg = Debug|Any CPU
		{8ABDB496-C6A0-4935-BBF4-E784F4C7B3D2}.Debug|x86.Build.0 = Debug|Any CPU
		{8ABDB496-C6A0-4935-BBF4-E784F4C7B3D2}.Release|Any CPU.ActiveCfg = Release|Any CPU
		{8ABDB496-C6A0-4935-BBF4-E784F4C7B3D2}.Release|Any CPU.Build.0 = Release|Any CPU
		{8ABDB496-C6A0-4935-BBF4-E784F4C7B3D2}.Release|ARM.ActiveCfg = Release|Any CPU
		{8ABDB496-C6A0-4935-BBF4-E784F4C7B3D2}.Release|ARM.Build.0 = Release|Any CPU
		{8ABDB496-C6A0-4935-BBF4-E784F4C7B3D2}.Release|x64.ActiveCfg = Release|Any CPU
		{8ABDB496-C6A0-4935-BBF4-E784F4C7B3D2}.Release|x64.Build.0 = Release|Any CPU
		{8ABDB496-C6A0-4935-BBF4-E784F4C7B3D2}.Release|x86.ActiveCfg = Release|Any CPU
		{8ABDB496-C6A0-4935-BBF4-E784F4C7B3D2}.Release|x86.Build.0 = Release|Any CPU
		{FE871C86-35DA-40FD-BA1B-34BB186A5E7C}.Debug|Any CPU.ActiveCfg = Debug|Any CPU
		{FE871C86-35DA-40FD-BA1B-34BB186A5E7C}.Debug|Any CPU.Build.0 = Debug|Any CPU
		{FE871C86-35DA-40FD-BA1B-34BB186A5E7C}.Debug|ARM.ActiveCfg = Debug|Any CPU
		{FE871C86-35DA-40FD-BA1B-34BB186A5E7C}.Debug|ARM.Build.0 = Debug|Any CPU
		{FE871C86-35DA-40FD-BA1B-34BB186A5E7C}.Debug|x64.ActiveCfg = Debug|Any CPU
		{FE871C86-35DA-40FD-BA1B-34BB186A5E7C}.Debug|x64.Build.0 = Debug|Any CPU
		{FE871C86-35DA-40FD-BA1B-34BB186A5E7C}.Debug|x86.ActiveCfg = Debug|Any CPU
		{FE871C86-35DA-40FD-BA1B-34BB186A5E7C}.Debug|x86.Build.0 = Debug|Any CPU
		{FE871C86-35DA-40FD-BA1B-34BB186A5E7C}.Release|Any CPU.ActiveCfg = Release|Any CPU
		{FE871C86-35DA-40FD-BA1B-34BB186A5E7C}.Release|Any CPU.Build.0 = Release|Any CPU
		{FE871C86-35DA-40FD-BA1B-34BB186A5E7C}.Release|ARM.ActiveCfg = Release|Any CPU
		{FE871C86-35DA-40FD-BA1B-34BB186A5E7C}.Release|ARM.Build.0 = Release|Any CPU
		{FE871C86-35DA-40FD-BA1B-34BB186A5E7C}.Release|x64.ActiveCfg = Release|Any CPU
		{FE871C86-35DA-40FD-BA1B-34BB186A5E7C}.Release|x64.Build.0 = Release|Any CPU
		{FE871C86-35DA-40FD-BA1B-34BB186A5E7C}.Release|x86.ActiveCfg = Release|Any CPU
		{FE871C86-35DA-40FD-BA1B-34BB186A5E7C}.Release|x86.Build.0 = Release|Any CPU
		{BD20FD13-AA11-406F-9AC0-0E899F5A62EF}.Debug|Any CPU.ActiveCfg = Debug|Any CPU
		{BD20FD13-AA11-406F-9AC0-0E899F5A62EF}.Debug|Any CPU.Build.0 = Debug|Any CPU
		{BD20FD13-AA11-406F-9AC0-0E899F5A62EF}.Debug|ARM.ActiveCfg = Debug|Any CPU
		{BD20FD13-AA11-406F-9AC0-0E899F5A62EF}.Debug|ARM.Build.0 = Debug|Any CPU
		{BD20FD13-AA11-406F-9AC0-0E899F5A62EF}.Debug|x64.ActiveCfg = Debug|Any CPU
		{BD20FD13-AA11-406F-9AC0-0E899F5A62EF}.Debug|x64.Build.0 = Debug|Any CPU
		{BD20FD13-AA11-406F-9AC0-0E899F5A62EF}.Debug|x86.ActiveCfg = Debug|Any CPU
		{BD20FD13-AA11-406F-9AC0-0E899F5A62EF}.Debug|x86.Build.0 = Debug|Any CPU
		{BD20FD13-AA11-406F-9AC0-0E899F5A62EF}.Release|Any CPU.ActiveCfg = Release|Any CPU
		{BD20FD13-AA11-406F-9AC0-0E899F5A62EF}.Release|Any CPU.Build.0 = Release|Any CPU
		{BD20FD13-AA11-406F-9AC0-0E899F5A62EF}.Release|ARM.ActiveCfg = Release|Any CPU
		{BD20FD13-AA11-406F-9AC0-0E899F5A62EF}.Release|ARM.Build.0 = Release|Any CPU
		{BD20FD13-AA11-406F-9AC0-0E899F5A62EF}.Release|x64.ActiveCfg = Release|Any CPU
		{BD20FD13-AA11-406F-9AC0-0E899F5A62EF}.Release|x64.Build.0 = Release|Any CPU
		{BD20FD13-AA11-406F-9AC0-0E899F5A62EF}.Release|x86.ActiveCfg = Release|Any CPU
		{BD20FD13-AA11-406F-9AC0-0E899F5A62EF}.Release|x86.Build.0 = Release|Any CPU
		{CF02E90F-766A-45BC-A93D-E0D876376270}.Debug|Any CPU.ActiveCfg = Debug|Any CPU
		{CF02E90F-766A-45BC-A93D-E0D876376270}.Debug|Any CPU.Build.0 = Debug|Any CPU
		{CF02E90F-766A-45BC-A93D-E0D876376270}.Debug|ARM.ActiveCfg = Debug|Any CPU
		{CF02E90F-766A-45BC-A93D-E0D876376270}.Debug|ARM.Build.0 = Debug|Any CPU
		{CF02E90F-766A-45BC-A93D-E0D876376270}.Debug|x64.ActiveCfg = Debug|Any CPU
		{CF02E90F-766A-45BC-A93D-E0D876376270}.Debug|x64.Build.0 = Debug|Any CPU
		{CF02E90F-766A-45BC-A93D-E0D876376270}.Debug|x86.ActiveCfg = Debug|Any CPU
		{CF02E90F-766A-45BC-A93D-E0D876376270}.Debug|x86.Build.0 = Debug|Any CPU
		{CF02E90F-766A-45BC-A93D-E0D876376270}.Release|Any CPU.ActiveCfg = Release|Any CPU
		{CF02E90F-766A-45BC-A93D-E0D876376270}.Release|Any CPU.Build.0 = Release|Any CPU
		{CF02E90F-766A-45BC-A93D-E0D876376270}.Release|ARM.ActiveCfg = Release|Any CPU
		{CF02E90F-766A-45BC-A93D-E0D876376270}.Release|ARM.Build.0 = Release|Any CPU
		{CF02E90F-766A-45BC-A93D-E0D876376270}.Release|x64.ActiveCfg = Release|Any CPU
		{CF02E90F-766A-45BC-A93D-E0D876376270}.Release|x64.Build.0 = Release|Any CPU
		{CF02E90F-766A-45BC-A93D-E0D876376270}.Release|x86.ActiveCfg = Release|Any CPU
		{CF02E90F-766A-45BC-A93D-E0D876376270}.Release|x86.Build.0 = Release|Any CPU
	EndGlobalSection
	GlobalSection(SolutionProperties) = preSolution
		HideSolutionNode = FALSE
	EndGlobalSection
	GlobalSection(NestedProjects) = preSolution
		{EC2B4899-81DA-4F60-BF6C-36548D09C7D0} = {89F264D0-DC90-428E-AA7B-411A89625983}
		{E8B73224-39E8-4290-9693-14D70AEB3CE2} = {89F264D0-DC90-428E-AA7B-411A89625983}
		{19BFFE88-7E21-4E93-BE2F-9BC3319A9E53} = {89F264D0-DC90-428E-AA7B-411A89625983}
		{0C9AAD9C-6EA5-41E3-82A8-076D5596143C} = {89F264D0-DC90-428E-AA7B-411A89625983}
		{8ABDB496-C6A0-4935-BBF4-E784F4C7B3D2} = {89F264D0-DC90-428E-AA7B-411A89625983}
		{FE871C86-35DA-40FD-BA1B-34BB186A5E7C} = {7645BC68-5B15-4FAF-8DED-3A454F0A1E59}
		{BD20FD13-AA11-406F-9AC0-0E899F5A62EF} = {7645BC68-5B15-4FAF-8DED-3A454F0A1E59}
	EndGlobalSection
EndGlobal
